// !$*UTF8*$!
{
	archiveVersion = 1;
	classes = {
	};
	objectVersion = 46;
	objects = {

/* Begin PBXBuildFile section */
		83910F4FF4DC36DF46CA33AF /* libPods.a in Frameworks */ = {isa = PBXBuildFile; fileRef = CA936E7A7636CABC3E5DE071 /* libPods.a */; };
		E26BCA0B19F020BA000B35C1 /* AppDelegate.swift in Sources */ = {isa = PBXBuildFile; fileRef = E26BCA0A19F020BA000B35C1 /* AppDelegate.swift */; };
		E26BCA0D19F020BA000B35C1 /* GatedViewController.swift in Sources */ = {isa = PBXBuildFile; fileRef = E26BCA0C19F020BA000B35C1 /* GatedViewController.swift */; };
		E26BCA1019F020BA000B35C1 /* Main.storyboard in Resources */ = {isa = PBXBuildFile; fileRef = E26BCA0E19F020BA000B35C1 /* Main.storyboard */; };
		E26BCA1219F020BA000B35C1 /* Images.xcassets in Resources */ = {isa = PBXBuildFile; fileRef = E26BCA1119F020BA000B35C1 /* Images.xcassets */; };
		E26BCA1519F020BA000B35C1 /* LaunchScreen.xib in Resources */ = {isa = PBXBuildFile; fileRef = E26BCA1319F020BA000B35C1 /* LaunchScreen.xib */; };
		E26BCA2119F020BB000B35C1 /* gatedTests.swift in Sources */ = {isa = PBXBuildFile; fileRef = E26BCA2019F020BB000B35C1 /* gatedTests.swift */; };
		E26BCA2B19F02204000B35C1 /* GatedCell.swift in Sources */ = {isa = PBXBuildFile; fileRef = E26BCA2A19F02204000B35C1 /* GatedCell.swift */; };
		E2A7067219F1EF08001EA549 /* GatedDetailViewController.swift in Sources */ = {isa = PBXBuildFile; fileRef = E2A7067119F1EF08001EA549 /* GatedDetailViewController.swift */; };
/* End PBXBuildFile section */

/* Begin PBXContainerItemProxy section */
		E26BCA1B19F020BB000B35C1 /* PBXContainerItemProxy */ = {
			isa = PBXContainerItemProxy;
			containerPortal = E26BC9FD19F020BA000B35C1 /* Project object */;
			proxyType = 1;
			remoteGlobalIDString = E26BCA0419F020BA000B35C1;
			remoteInfo = gated;
		};
/* End PBXContainerItemProxy section */

/* Begin PBXFileReference section */
		4D4F7A92462242F96F37074F /* Pods.debug.xcconfig */ = {isa = PBXFileReference; includeInIndex = 1; lastKnownFileType = text.xcconfig; name = Pods.debug.xcconfig; path = "Pods/Target Support Files/Pods/Pods.debug.xcconfig"; sourceTree = "<group>"; };
		4D5D9AE365681168E0D4772D /* Pods.release.xcconfig */ = {isa = PBXFileReference; includeInIndex = 1; lastKnownFileType = text.xcconfig; name = Pods.release.xcconfig; path = "Pods/Target Support Files/Pods/Pods.release.xcconfig"; sourceTree = "<group>"; };
		CA936E7A7636CABC3E5DE071 /* libPods.a */ = {isa = PBXFileReference; explicitFileType = archive.ar; includeInIndex = 0; path = libPods.a; sourceTree = BUILT_PRODUCTS_DIR; };
		E26BCA0519F020BA000B35C1 /* gated.app */ = {isa = PBXFileReference; explicitFileType = wrapper.application; includeInIndex = 0; path = gated.app; sourceTree = BUILT_PRODUCTS_DIR; };
		E26BCA0919F020BA000B35C1 /* Info.plist */ = {isa = PBXFileReference; lastKnownFileType = text.plist.xml; path = Info.plist; sourceTree = "<group>"; };
		E26BCA0A19F020BA000B35C1 /* AppDelegate.swift */ = {isa = PBXFileReference; lastKnownFileType = sourcecode.swift; path = AppDelegate.swift; sourceTree = "<group>"; };
		E26BCA0C19F020BA000B35C1 /* GatedViewController.swift */ = {isa = PBXFileReference; lastKnownFileType = sourcecode.swift; path = GatedViewController.swift; sourceTree = "<group>"; };
		E26BCA0F19F020BA000B35C1 /* Base */ = {isa = PBXFileReference; lastKnownFileType = file.storyboard; name = Base; path = Base.lproj/Main.storyboard; sourceTree = "<group>"; };
		E26BCA1119F020BA000B35C1 /* Images.xcassets */ = {isa = PBXFileReference; lastKnownFileType = folder.assetcatalog; path = Images.xcassets; sourceTree = "<group>"; };
		E26BCA1419F020BA000B35C1 /* Base */ = {isa = PBXFileReference; lastKnownFileType = file.xib; name = Base; path = Base.lproj/LaunchScreen.xib; sourceTree = "<group>"; };
		E26BCA1A19F020BB000B35C1 /* gatedTests.xctest */ = {isa = PBXFileReference; explicitFileType = wrapper.cfbundle; includeInIndex = 0; path = gatedTests.xctest; sourceTree = BUILT_PRODUCTS_DIR; };
		E26BCA1F19F020BB000B35C1 /* Info.plist */ = {isa = PBXFileReference; lastKnownFileType = text.plist.xml; path = Info.plist; sourceTree = "<group>"; };
		E26BCA2019F020BB000B35C1 /* gatedTests.swift */ = {isa = PBXFileReference; lastKnownFileType = sourcecode.swift; path = gatedTests.swift; sourceTree = "<group>"; };
		E26BCA2A19F02204000B35C1 /* GatedCell.swift */ = {isa = PBXFileReference; fileEncoding = 4; lastKnownFileType = sourcecode.swift; path = GatedCell.swift; sourceTree = "<group>"; };
		E284C9C719F0352400AC5468 /* gated-Bridging-Header.h */ = {isa = PBXFileReference; lastKnownFileType = sourcecode.c.h; path = "gated-Bridging-Header.h"; sourceTree = "<group>"; };
		E2A7067119F1EF08001EA549 /* GatedDetailViewController.swift */ = {isa = PBXFileReference; fileEncoding = 4; lastKnownFileType = sourcecode.swift; path = GatedDetailViewController.swift; sourceTree = "<group>"; };
/* End PBXFileReference section */

/* Begin PBXFrameworksBuildPhase section */
		E26BCA0219F020BA000B35C1 /* Frameworks */ = {
			isa = PBXFrameworksBuildPhase;
			buildActionMask = 2147483647;
			files = (
				83910F4FF4DC36DF46CA33AF /* libPods.a in Frameworks */,
			);
			runOnlyForDeploymentPostprocessing = 0;
		};
		E26BCA1719F020BB000B35C1 /* Frameworks */ = {
			isa = PBXFrameworksBuildPhase;
			buildActionMask = 2147483647;
			files = (
			);
			runOnlyForDeploymentPostprocessing = 0;
		};
/* End PBXFrameworksBuildPhase section */

/* Begin PBXGroup section */
		4CB36A42A3BCEBF953778479 /* Frameworks */ = {
			isa = PBXGroup;
			children = (
				CA936E7A7636CABC3E5DE071 /* libPods.a */,
			);
			name = Frameworks;
			sourceTree = "<group>";
		};
		CB5DF2EFBAB73F8EB0D68FD9 /* Pods */ = {
			isa = PBXGroup;
			children = (
				4D4F7A92462242F96F37074F /* Pods.debug.xcconfig */,
				4D5D9AE365681168E0D4772D /* Pods.release.xcconfig */,
			);
			name = Pods;
			sourceTree = "<group>";
		};
		E26BC9FC19F020BA000B35C1 = {
			isa = PBXGroup;
			children = (
				E26BCA0719F020BA000B35C1 /* gated */,
				E26BCA1D19F020BB000B35C1 /* gatedTests */,
				E26BCA0619F020BA000B35C1 /* Products */,
				CB5DF2EFBAB73F8EB0D68FD9 /* Pods */,
				4CB36A42A3BCEBF953778479 /* Frameworks */,
			);
			sourceTree = "<group>";
		};
		E26BCA0619F020BA000B35C1 /* Products */ = {
			isa = PBXGroup;
			children = (
				E26BCA0519F020BA000B35C1 /* gated.app */,
				E26BCA1A19F020BB000B35C1 /* gatedTests.xctest */,
			);
			name = Products;
			sourceTree = "<group>";
		};
		E26BCA0719F020BA000B35C1 /* gated */ = {
			isa = PBXGroup;
			children = (
				E26BCA0A19F020BA000B35C1 /* AppDelegate.swift */,
				E26BCA0C19F020BA000B35C1 /* GatedViewController.swift */,
				E26BCA0E19F020BA000B35C1 /* Main.storyboard */,
				E2A7067119F1EF08001EA549 /* GatedDetailViewController.swift */,
				E26BCA2A19F02204000B35C1 /* GatedCell.swift */,
				E26BCA1119F020BA000B35C1 /* Images.xcassets */,
				E26BCA1319F020BA000B35C1 /* LaunchScreen.xib */,
				E26BCA0819F020BA000B35C1 /* Supporting Files */,
				E284C9C719F0352400AC5468 /* gated-Bridging-Header.h */,
			);
			path = gated;
			sourceTree = "<group>";
		};
		E26BCA0819F020BA000B35C1 /* Supporting Files */ = {
			isa = PBXGroup;
			children = (
				E26BCA0919F020BA000B35C1 /* Info.plist */,
			);
			name = "Supporting Files";
			sourceTree = "<group>";
		};
		E26BCA1D19F020BB000B35C1 /* gatedTests */ = {
			isa = PBXGroup;
			children = (
				E26BCA2019F020BB000B35C1 /* gatedTests.swift */,
				E26BCA1E19F020BB000B35C1 /* Supporting Files */,
			);
			path = gatedTests;
			sourceTree = "<group>";
		};
		E26BCA1E19F020BB000B35C1 /* Supporting Files */ = {
			isa = PBXGroup;
			children = (
				E26BCA1F19F020BB000B35C1 /* Info.plist */,
			);
			name = "Supporting Files";
			sourceTree = "<group>";
		};
/* End PBXGroup section */

/* Begin PBXNativeTarget section */
		E26BCA0419F020BA000B35C1 /* gated */ = {
			isa = PBXNativeTarget;
			buildConfigurationList = E26BCA2419F020BB000B35C1 /* Build configuration list for PBXNativeTarget "gated" */;
			buildPhases = (
				BF5FF5B1D399A732EC2C7B20 /* Check Pods Manifest.lock */,
				E26BCA0119F020BA000B35C1 /* Sources */,
				E26BCA0219F020BA000B35C1 /* Frameworks */,
				E26BCA0319F020BA000B35C1 /* Resources */,
				2E8E83860221F2A8F4F65CEA /* Copy Pods Resources */,
			);
			buildRules = (
			);
			dependencies = (
			);
			name = gated;
			productName = gated;
			productReference = E26BCA0519F020BA000B35C1 /* gated.app */;
			productType = "com.apple.product-type.application";
		};
		E26BCA1919F020BB000B35C1 /* gatedTests */ = {
			isa = PBXNativeTarget;
			buildConfigurationList = E26BCA2719F020BB000B35C1 /* Build configuration list for PBXNativeTarget "gatedTests" */;
			buildPhases = (
				E26BCA1619F020BB000B35C1 /* Sources */,
				E26BCA1719F020BB000B35C1 /* Frameworks */,
				E26BCA1819F020BB000B35C1 /* Resources */,
			);
			buildRules = (
			);
			dependencies = (
				E26BCA1C19F020BB000B35C1 /* PBXTargetDependency */,
			);
			name = gatedTests;
			productName = gatedTests;
			productReference = E26BCA1A19F020BB000B35C1 /* gatedTests.xctest */;
			productType = "com.apple.product-type.bundle.unit-test";
		};
/* End PBXNativeTarget section */

/* Begin PBXProject section */
		E26BC9FD19F020BA000B35C1 /* Project object */ = {
			isa = PBXProject;
			attributes = {
				LastUpgradeCheck = 0600;
				ORGANIZATIONNAME = TXT2LRN;
				TargetAttributes = {
					E26BCA0419F020BA000B35C1 = {
						CreatedOnToolsVersion = 6.0.1;
					};
					E26BCA1919F020BB000B35C1 = {
						CreatedOnToolsVersion = 6.0.1;
						TestTargetID = E26BCA0419F020BA000B35C1;
					};
				};
			};
			buildConfigurationList = E26BCA0019F020BA000B35C1 /* Build configuration list for PBXProject "gated" */;
			compatibilityVersion = "Xcode 3.2";
			developmentRegion = English;
			hasScannedForEncodings = 0;
			knownRegions = (
				en,
				Base,
			);
			mainGroup = E26BC9FC19F020BA000B35C1;
			productRefGroup = E26BCA0619F020BA000B35C1 /* Products */;
			projectDirPath = "";
			projectRoot = "";
			targets = (
				E26BCA0419F020BA000B35C1 /* gated */,
				E26BCA1919F020BB000B35C1 /* gatedTests */,
			);
		};
/* End PBXProject section */

/* Begin PBXResourcesBuildPhase section */
		E26BCA0319F020BA000B35C1 /* Resources */ = {
			isa = PBXResourcesBuildPhase;
			buildActionMask = 2147483647;
			files = (
				E26BCA1019F020BA000B35C1 /* Main.storyboard in Resources */,
				E26BCA1519F020BA000B35C1 /* LaunchScreen.xib in Resources */,
				E26BCA1219F020BA000B35C1 /* Images.xcassets in Resources */,
			);
			runOnlyForDeploymentPostprocessing = 0;
		};
		E26BCA1819F020BB000B35C1 /* Resources */ = {
			isa = PBXResourcesBuildPhase;
			buildActionMask = 2147483647;
			files = (
			);
			runOnlyForDeploymentPostprocessing = 0;
		};
/* End PBXResourcesBuildPhase section */

/* Begin PBXShellScriptBuildPhase section */
		2E8E83860221F2A8F4F65CEA /* Copy Pods Resources */ = {
			isa = PBXShellScriptBuildPhase;
			buildActionMask = 2147483647;
			files = (
			);
			inputPaths = (
			);
			name = "Copy Pods Resources";
			outputPaths = (
			);
			runOnlyForDeploymentPostprocessing = 0;
			shellPath = /bin/sh;
			shellScript = "\"${SRCROOT}/Pods/Target Support Files/Pods/Pods-resources.sh\"\n";
			showEnvVarsInLog = 0;
		};
		BF5FF5B1D399A732EC2C7B20 /* Check Pods Manifest.lock */ = {
			isa = PBXShellScriptBuildPhase;
			buildActionMask = 2147483647;
			files = (
			);
			inputPaths = (
			);
			name = "Check Pods Manifest.lock";
			outputPaths = (
			);
			runOnlyForDeploymentPostprocessing = 0;
			shellPath = /bin/sh;
			shellScript = "diff \"${PODS_ROOT}/../Podfile.lock\" \"${PODS_ROOT}/Manifest.lock\" > /dev/null\nif [[ $? != 0 ]] ; then\n    cat << EOM\nerror: The sandbox is not in sync with the Podfile.lock. Run 'pod install' or update your CocoaPods installation.\nEOM\n    exit 1\nfi\n";
			showEnvVarsInLog = 0;
		};
/* End PBXShellScriptBuildPhase section */

/* Begin PBXSourcesBuildPhase section */
		E26BCA0119F020BA000B35C1 /* Sources */ = {
			isa = PBXSourcesBuildPhase;
			buildActionMask = 2147483647;
			files = (
				E26BCA0D19F020BA000B35C1 /* GatedViewController.swift in Sources */,
				E2A7067219F1EF08001EA549 /* GatedDetailViewController.swift in Sources */,
				E26BCA0B19F020BA000B35C1 /* AppDelegate.swift in Sources */,
				E26BCA2B19F02204000B35C1 /* GatedCell.swift in Sources */,
			);
			runOnlyForDeploymentPostprocessing = 0;
		};
		E26BCA1619F020BB000B35C1 /* Sources */ = {
			isa = PBXSourcesBuildPhase;
			buildActionMask = 2147483647;
			files = (
				E26BCA2119F020BB000B35C1 /* gatedTests.swift in Sources */,
			);
			runOnlyForDeploymentPostprocessing = 0;
		};
/* End PBXSourcesBuildPhase section */

/* Begin PBXTargetDependency section */
		E26BCA1C19F020BB000B35C1 /* PBXTargetDependency */ = {
			isa = PBXTargetDependency;
			target = E26BCA0419F020BA000B35C1 /* gated */;
			targetProxy = E26BCA1B19F020BB000B35C1 /* PBXContainerItemProxy */;
		};
/* End PBXTargetDependency section */

/* Begin PBXVariantGroup section */
		E26BCA0E19F020BA000B35C1 /* Main.storyboard */ = {
			isa = PBXVariantGroup;
			children = (
				E26BCA0F19F020BA000B35C1 /* Base */,
			);
			name = Main.storyboard;
			sourceTree = "<group>";
		};
		E26BCA1319F020BA000B35C1 /* LaunchScreen.xib */ = {
			isa = PBXVariantGroup;
			children = (
				E26BCA1419F020BA000B35C1 /* Base */,
			);
			name = LaunchScreen.xib;
			sourceTree = "<group>";
		};
/* End PBXVariantGroup section */

/* Begin XCBuildConfiguration section */
		E26BCA2219F020BB000B35C1 /* Debug */ = {
			isa = XCBuildConfiguration;
			buildSettings = {
				ALWAYS_SEARCH_USER_PATHS = NO;
				CLANG_CXX_LANGUAGE_STANDARD = "gnu++0x";
				CLANG_CXX_LIBRARY = "libc++";
				CLANG_ENABLE_MODULES = YES;
				CLANG_ENABLE_OBJC_ARC = YES;
				CLANG_WARN_BOOL_CONVERSION = YES;
				CLANG_WARN_CONSTANT_CONVERSION = YES;
				CLANG_WARN_DIRECT_OBJC_ISA_USAGE = YES_ERROR;
				CLANG_WARN_EMPTY_BODY = YES;
				CLANG_WARN_ENUM_CONVERSION = YES;
				CLANG_WARN_INT_CONVERSION = YES;
				CLANG_WARN_OBJC_ROOT_CLASS = YES_ERROR;
				CLANG_WARN_UNREACHABLE_CODE = YES;
				CLANG_WARN__DUPLICATE_METHOD_MATCH = YES;
				"CODE_SIGN_IDENTITY[sdk=iphoneos*]" = "iPhone Developer";
				COPY_PHASE_STRIP = NO;
				ENABLE_STRICT_OBJC_MSGSEND = YES;
				GCC_C_LANGUAGE_STANDARD = gnu99;
				GCC_DYNAMIC_NO_PIC = NO;
				GCC_OPTIMIZATION_LEVEL = 0;
				GCC_PREPROCESSOR_DEFINITIONS = (
					"DEBUG=1",
					"$(inherited)",
				);
				GCC_SYMBOLS_PRIVATE_EXTERN = NO;
				GCC_WARN_64_TO_32_BIT_CONVERSION = YES;
				GCC_WARN_ABOUT_RETURN_TYPE = YES_ERROR;
				GCC_WARN_UNDECLARED_SELECTOR = YES;
				GCC_WARN_UNINITIALIZED_AUTOS = YES_AGGRESSIVE;
				GCC_WARN_UNUSED_FUNCTION = YES;
				GCC_WARN_UNUSED_VARIABLE = YES;
				IPHONEOS_DEPLOYMENT_TARGET = 8.0;
				MTL_ENABLE_DEBUG_INFO = YES;
				ONLY_ACTIVE_ARCH = YES;
				SDKROOT = iphoneos;
				SWIFT_OPTIMIZATION_LEVEL = "-Onone";
			};
			name = Debug;
		};
		E26BCA2319F020BB000B35C1 /* Release */ = {
			isa = XCBuildConfiguration;
			buildSettings = {
				ALWAYS_SEARCH_USER_PATHS = NO;
				CLANG_CXX_LANGUAGE_STANDARD = "gnu++0x";
				CLANG_CXX_LIBRARY = "libc++";
				CLANG_ENABLE_MODULES = YES;
				CLANG_ENABLE_OBJC_ARC = YES;
				CLANG_WARN_BOOL_CONVERSION = YES;
				CLANG_WARN_CONSTANT_CONVERSION = YES;
				CLANG_WARN_DIRECT_OBJC_ISA_USAGE = YES_ERROR;
				CLANG_WARN_EMPTY_BODY = YES;
				CLANG_WARN_ENUM_CONVERSION = YES;
				CLANG_WARN_INT_CONVERSION = YES;
				CLANG_WARN_OBJC_ROOT_CLASS = YES_ERROR;
				CLANG_WARN_UNREACHABLE_CODE = YES;
				CLANG_WARN__DUPLICATE_METHOD_MATCH = YES;
				"CODE_SIGN_IDENTITY[sdk=iphoneos*]" = "iPhone Developer";
				COPY_PHASE_STRIP = YES;
				ENABLE_NS_ASSERTIONS = NO;
				ENABLE_STRICT_OBJC_MSGSEND = YES;
				GCC_C_LANGUAGE_STANDARD = gnu99;
				GCC_WARN_64_TO_32_BIT_CONVERSION = YES;
				GCC_WARN_ABOUT_RETURN_TYPE = YES_ERROR;
				GCC_WARN_UNDECLARED_SELECTOR = YES;
				GCC_WARN_UNINITIALIZED_AUTOS = YES_AGGRESSIVE;
				GCC_WARN_UNUSED_FUNCTION = YES;
				GCC_WARN_UNUSED_VARIABLE = YES;
				IPHONEOS_DEPLOYMENT_TARGET = 8.0;
				MTL_ENABLE_DEBUG_INFO = NO;
				SDKROOT = iphoneos;
				VALIDATE_PRODUCT = YES;
			};
			name = Release;
		};
		E26BCA2519F020BB000B35C1 /* Debug */ = {
			isa = XCBuildConfiguration;
			baseConfigurationReference = 4D4F7A92462242F96F37074F /* Pods.debug.xcconfig */;
			buildSettings = {
				ASSETCATALOG_COMPILER_APPICON_NAME = AppIcon;
				CLANG_ENABLE_MODULES = YES;
				INFOPLIST_FILE = gated/Info.plist;
				LD_RUNPATH_SEARCH_PATHS = "$(inherited) @executable_path/Frameworks";
				PRODUCT_NAME = "$(TARGET_NAME)";
				SWIFT_OBJC_BRIDGING_HEADER = "gated/gated-Bridging-Header.h";
				SWIFT_OPTIMIZATION_LEVEL = "-Onone";
			};
			name = Debug;
		};
		E26BCA2619F020BB000B35C1 /* Release */ = {
			isa = XCBuildConfiguration;
			baseConfigurationReference = 4D5D9AE365681168E0D4772D /* Pods.release.xcconfig */;
			buildSettings = {
				ASSETCATALOG_COMPILER_APPICON_NAME = AppIcon;
				CLANG_ENABLE_MODULES = YES;
				INFOPLIST_FILE = gated/Info.plist;
				LD_RUNPATH_SEARCH_PATHS = "$(inherited) @executable_path/Frameworks";
				PRODUCT_NAME = "$(TARGET_NAME)";
				SWIFT_OBJC_BRIDGING_HEADER = "gated/gated-Bridging-Header.h";
			};
			name = Release;
		};
		E26BCA2819F020BB000B35C1 /* Debug */ = {
			isa = XCBuildConfiguration;
			buildSettings = {
				BUNDLE_LOADER = "$(TEST_HOST)";
				FRAMEWORK_SEARCH_PATHS = (
					"$(SDKROOT)/Developer/Library/Frameworks",
					"$(inherited)",
				);
				GCC_PREPROCESSOR_DEFINITIONS = (
					"DEBUG=1",
					"$(inherited)",
				);
				INFOPLIST_FILE = gatedTests/Info.plist;
				LD_RUNPATH_SEARCH_PATHS = "$(inherited) @executable_path/Frameworks @loader_path/Frameworks";
				PRODUCT_NAME = "$(TARGET_NAME)";
				TEST_HOST = "$(BUILT_PRODUCTS_DIR)/gated.app/gated";
			};
			name = Debug;
		};
		E26BCA2919F020BB000B35C1 /* Release */ = {
			isa = XCBuildConfiguration;
			buildSettings = {
				BUNDLE_LOADER = "$(TEST_HOST)";
				FRAMEWORK_SEARCH_PATHS = (
					"$(SDKROOT)/Developer/Library/Frameworks",
					"$(inherited)",
				);
				INFOPLIST_FILE = gatedTests/Info.plist;
				LD_RUNPATH_SEARCH_PATHS = "$(inherited) @executable_path/Frameworks @loader_path/Frameworks";
				PRODUCT_NAME = "$(TARGET_NAME)";
				TEST_HOST = "$(BUILT_PRODUCTS_DIR)/gated.app/gated";
			};
			name = Release;
		};
/* End XCBuildConfiguration section */

/* Begin XCConfigurationList section */
		E26BCA0019F020BA000B35C1 /* Build configuration list for PBXProject "gated" */ = {
			isa = XCConfigurationList;
			buildConfigurations = (
				E26BCA2219F020BB000B35C1 /* Debug */,
				E26BCA2319F020BB000B35C1 /* Release */,
			);
			defaultConfigurationIsVisible = 0;
			defaultConfigurationName = Release;
		};
		E26BCA2419F020BB000B35C1 /* Build configuration list for PBXNativeTarget "gated" */ = {
			isa = XCConfigurationList;
			buildConfigurations = (
				E26BCA2519F020BB000B35C1 /* Debug */,
				E26BCA2619F020BB000B35C1 /* Release */,
			);
			defaultConfigurationIsVisible = 0;
			defaultConfigurationName = Release;
		};
		E26BCA2719F020BB000B35C1 /* Build configuration list for PBXNativeTarget "gatedTests" */ = {
			isa = XCConfigurationList;
			buildConfigurations = (
				E26BCA2819F020BB000B35C1 /* Debug */,
				E26BCA2919F020BB000B35C1 /* Release */,
			);
			defaultConfigurationIsVisible = 0;
			defaultConfigurationName = Release;
		};
/* End XCConfigurationList section */
	};
	rootObject = E26BC9FD19F020BA000B35C1 /* Project object */;
}
